// !$*UTF8*$!
{
	archiveVersion = 1;
	classes = {
	};
	objectVersion = 77;
	objects = {

/* Begin PBXContainerItemProxy section */
		1DDB9DD32FA8EE3800AFC25E /* PBXContainerItemProxy */ = {
			isa = PBXContainerItemProxy;
			containerPortal = 1DDB9DB12FA8EE3800AFC25E /* Project object */;
			proxyType = 1;
			remoteGlobalIDString = 1DDB9DB82FA8EE3800AFC25E;
			remoteInfo = "paws-n-parcels";
		};
		1DDB9DDD2FA8EE3800AFC25E /* PBXContainerItemProxy */ = {
			isa = PBXContainerItemProxy;
			containerPortal = 1DDB9DB12FA8EE3800AFC25E /* Project object */;
			proxyType = 1;
			remoteGlobalIDString = 1DDB9DB82FA8EE3800AFC25E;
			remoteInfo = "paws-n-parcels";
		};
/* End PBXContainerItemProxy section */

/* Begin PBXFileReference section */
		1DDB9DB92FA8EE3800AFC25E /* paws-n-parcels.app */ = {isa = PBXFileReference; explicitFileType = wrapper.application; includeInIndex = 0; path = "paws-n-parcels.app"; sourceTree = BUILT_PRODUCTS_DIR; };
		1DDB9DD22FA8EE3800AFC25E /* paws-n-parcelsTests.xctest */ = {isa = PBXFileReference; explicitFileType = wrapper.cfbundle; includeInIndex = 0; path = "paws-n-parcelsTests.xctest"; sourceTree = BUILT_PRODUCTS_DIR; };
		1DDB9DDC2FA8EE3800AFC25E /* paws-n-parcelsUITests.xctest */ = {isa = PBXFileReference; explicitFileType = wrapper.cfbundle; includeInIndex = 0; path = "paws-n-parcelsUITests.xctest"; sourceTree = BUILT_PRODUCTS_DIR; };
/* End PBXFileReference section */

/* Begin PBXFileSystemSynchronizedBuildFileExceptionSet section */
		1DDB9DE42FA8EE3800AFC25E /* Exceptions for "paws-n-parcels" folder in "paws-n-parcels" target */ = {
			isa = PBXFileSystemSynchronizedBuildFileExceptionSet;
			membershipExceptions = (
				App/Info.plist,
			);
			target = 1DDB9DB82FA8EE3800AFC25E /* paws-n-parcels */;
		};
/* End PBXFileSystemSynchronizedBuildFileExceptionSet section */

/* Begin PBXFileSystemSynchronizedRootGroup section */
		1DDB9DBB2FA8EE3800AFC25E /* paws-n-parcels */ = {
			isa = PBXFileSystemSynchronizedRootGroup;
			exceptions = (
				1DDB9DE42FA8EE3800AFC25E /* Exceptions for "paws-n-parcels" folder in "paws-n-parcels" target */,
			);
			path = "paws-n-parcels";
			sourceTree = "<group>";
		};
		1DDB9DD52FA8EE3800AFC25E /* paws-n-parcelsTests */ = {
			isa = PBXFileSystemSynchronizedRootGroup;
			path = "paws-n-parcelsTests";
			sourceTree = "<group>";
		};
		1DDB9DDF2FA8EE3800AFC25E /* paws-n-parcelsUITests */ = {
			isa = PBXFileSystemSynchronizedRootGroup;
			path = "paws-n-parcelsUITests";
			sourceTree = "<group>";
		};
/* End PBXFileSystemSynchronizedRootGroup section */

/* Begin PBXFrameworksBuildPhase section */
		1DDB9DB62FA8EE3800AFC25E /* Frameworks */ = {
			isa = PBXFrameworksBuildPhase;
			buildActionMask = 2147483647;
			files = (
			);
			runOnlyForDeploymentPostprocessing = 0;
		};
		1DDB9DCF2FA8EE3800AFC25E /* Frameworks */ = {
			isa = PBXFrameworksBuildPhase;
			buildActionMask = 2147483647;
			files = (
			);
			runOnlyForDeploymentPostprocessing = 0;
		};
		1DDB9DD92FA8EE3800AFC25E /* Frameworks */ = {
			isa = PBXFrameworksBuildPhase;
			buildActionMask = 2147483647;
			files = (
			);
			runOnlyForDeploymentPostprocessing = 0;
		};
/* End PBXFrameworksBuildPhase section */

/* Begin PBXGroup section */
		1DDB9DB02FA8EE3800AFC25E = {
			isa = PBXGroup;
			children = (
				1DDB9DBB2FA8EE3800AFC25E /* paws-n-parcels */,
				1DDB9DD52FA8EE3800AFC25E /* paws-n-parcelsTests */,
				1DDB9DDF2FA8EE3800AFC25E /* paws-n-parcelsUITests */,
				1DDB9DBA2FA8EE3800AFC25E /* Products */,
			);
			sourceTree = "<group>";
		};
		1DDB9DBA2FA8EE3800AFC25E /* Products */ = {
			isa = PBXGroup;
			children = (
				1DDB9DB92FA8EE3800AFC25E /* paws-n-parcels.app */,
				1DDB9DD22FA8EE3800AFC25E /* paws-n-parcelsTests.xctest */,
				1DDB9DDC2FA8EE3800AFC25E /* paws-n-parcelsUITests.xctest */,
			);
			name = Products;
			sourceTree = "<group>";
		};
/* End PBXGroup section */

/* Begin PBXNativeTarget section */
		1DDB9DB82FA8EE3800AFC25E /* paws-n-parcels */ = {
			isa = PBXNativeTarget;
			buildConfigurationList = 1DDB9DE52FA8EE3800AFC25E /* Build configuration list for PBXNativeTarget "paws-n-parcels" */;
			buildPhases = (
				1DDB9DB52FA8EE3800AFC25E /* Sources */,
				1DDB9DB62FA8EE3800AFC25E /* Frameworks */,
				1DDB9DB72FA8EE3800AFC25E /* Resources */,
			);
			buildRules = (
			);
			dependencies = (
			);
			fileSystemSynchronizedGroups = (
				1DDB9DBB2FA8EE3800AFC25E /* paws-n-parcels */,
			);
			name = "paws-n-parcels";
			packageProductDependencies = (
			);
			productName = "paws-n-parcels";
			productReference = 1DDB9DB92FA8EE3800AFC25E /* paws-n-parcels.app */;
			productType = "com.apple.product-type.application";
		};
		1DDB9DD12FA8EE3800AFC25E /* paws-n-parcelsTests */ = {
			isa = PBXNativeTarget;
			buildConfigurationList = 1DDB9DEA2FA8EE3800AFC25E /* Build configuration list for PBXNativeTarget "paws-n-parcelsTests" */;
			buildPhases = (
				1DDB9DCE2FA8EE3800AFC25E /* Sources */,
				1DDB9DCF2FA8EE3800AFC25E /* Frameworks */,
				1DDB9DD02FA8EE3800AFC25E /* Resources */,
			);
			buildRules = (
			);
			dependencies = (
				1DDB9DD42FA8EE3800AFC25E /* PBXTargetDependency */,
			);
			fileSystemSynchronizedGroups = (
				1DDB9DD52FA8EE3800AFC25E /* paws-n-parcelsTests */,
			);
			name = "paws-n-parcelsTests";
			packageProductDependencies = (
			);
			productName = "paws-n-parcelsTests";
			productReference = 1DDB9DD22FA8EE3800AFC25E /* paws-n-parcelsTests.xctest */;
			productType = "com.apple.product-type.bundle.unit-test";
		};
		1DDB9DDB2FA8EE3800AFC25E /* paws-n-parcelsUITests */ = {
			isa = PBXNativeTarget;
			buildConfigurationList = 1DDB9DED2FA8EE3800AFC25E /* Build configuration list for PBXNativeTarget "paws-n-parcelsUITests" */;
			buildPhases = (
				1DDB9DD82FA8EE3800AFC25E /* Sources */,
				1DDB9DD92FA8EE3800AFC25E /* Frameworks */,
				1DDB9DDA2FA8EE3800AFC25E /* Resources */,
			);
			buildRules = (
			);
			dependencies = (
				1DDB9DDE2FA8EE3800AFC25E /* PBXTargetDependency */,
			);
			fileSystemSynchronizedGroups = (
				1DDB9DDF2FA8EE3800AFC25E /* paws-n-parcelsUITests */,
			);
			name = "paws-n-parcelsUITests";
			packageProductDependencies = (
			);
			productName = "paws-n-parcelsUITests";
			productReference = 1DDB9DDC2FA8EE3800AFC25E /* paws-n-parcelsUITests.xctest */;
			productType = "com.apple.product-type.bundle.ui-testing";
		};
/* End PBXNativeTarget section */

/* Begin PBXProject section */
		1DDB9DB12FA8EE3800AFC25E /* Project object */ = {
			isa = PBXProject;
			attributes = {
				BuildIndependentTargetsInParallel = 1;
				LastSwiftUpdateCheck = 2640;
				LastUpgradeCheck = 2640;
				TargetAttributes = {
					1DDB9DB82FA8EE3800AFC25E = {
						CreatedOnToolsVersion = 26.4.1;
					};
					1DDB9DD12FA8EE3800AFC25E = {
						CreatedOnToolsVersion = 26.4.1;
						TestTargetID = 1DDB9DB82FA8EE3800AFC25E;
					};
					1DDB9DDB2FA8EE3800AFC25E = {
						CreatedOnToolsVersion = 26.4.1;
						TestTargetID = 1DDB9DB82FA8EE3800AFC25E;
					};
				};
			};
			buildConfigurationList = 1DDB9DB42FA8EE3800AFC25E /* Build configuration list for PBXProject "paws-n-parcels" */;
			developmentRegion = en;
			hasScannedForEncodings = 0;
			knownRegions = (
				en,
				Base,
			);
			mainGroup = 1DDB9DB02FA8EE3800AFC25E;
			minimizedProjectReferenceProxies = 1;
			preferredProjectObjectVersion = 77;
			productRefGroup = 1DDB9DBA2FA8EE3800AFC25E /* Products */;
			projectDirPath = "";
			projectRoot = "";
			targets = (
				1DDB9DB82FA8EE3800AFC25E /* paws-n-parcels */,
				1DDB9DD12FA8EE3800AFC25E /* paws-n-parcelsTests */,
				1DDB9DDB2FA8EE3800AFC25E /* paws-n-parcelsUITests */,
			);
		};
/* End PBXProject section */

/* Begin PBXResourcesBuildPhase section */
		1DDB9DB72FA8EE3800AFC25E /* Resources */ = {
			isa = PBXResourcesBuildPhase;
			buildActionMask = 2147483647;
			files = (
			);
			runOnlyForDeploymentPostprocessing = 0;
		};
		1DDB9DD02FA8EE3800AFC25E /* Resources */ = {
			isa = PBXResourcesBuildPhase;
			buildActionMask = 2147483647;
			files = (
			);
			runOnlyForDeploymentPostprocessing = 0;
		};
		1DDB9DDA2FA8EE3800AFC25E /* Resources */ = {
			isa = PBXResourcesBuildPhase;
			buildActionMask = 2147483647;
			files = (
			);
			runOnlyForDeploymentPostprocessing = 0;
		};
/* End PBXResourcesBuildPhase section */

/* Begin PBXSourcesBuildPhase section */
		1DDB9DB52FA8EE3800AFC25E /* Sources */ = {
			isa = PBXSourcesBuildPhase;
			buildActionMask = 2147483647;
			files = (
			);
			runOnlyForDeploymentPostprocessing = 0;
		};
		1DDB9DCE2FA8EE3800AFC25E /* Sources */ = {
			isa = PBXSourcesBuildPhase;
			buildActionMask = 2147483647;
			files = (
			);
			runOnlyForDeploymentPostprocessing = 0;
		};
		1DDB9DD82FA8EE3800AFC25E /* Sources */ = {
			isa = PBXSourcesBuildPhase;
			buildActionMask = 2147483647;
			files = (
			);
			runOnlyForDeploymentPostprocessing = 0;
		};
/* End PBXSourcesBuildPhase section */

/* Begin PBXTargetDependency section */
		1DDB9DD42FA8EE3800AFC25E /* PBXTargetDependency */ = {
			isa = PBXTargetDependency;
			target = 1DDB9DB82FA8EE3800AFC25E /* paws-n-parcels */;
			targetProxy = 1DDB9DD32FA8EE3800AFC25E /* PBXContainerItemProxy */;
		};
		1DDB9DDE2FA8EE3800AFC25E /* PBXTargetDependency */ = {
			isa = PBXTargetDependency;
			target = 1DDB9DB82FA8EE3800AFC25E /* paws-n-parcels */;
			targetProxy = 1DDB9DDD2FA8EE3800AFC25E /* PBXContainerItemProxy */;
		};
/* End PBXTargetDependency section */

/* Begin XCBuildConfiguration section */
		1DDB9DE62FA8EE3800AFC25E /* Debug */ = {
			isa = XCBuildConfiguration;
			buildSettings = {
				ASSETCATALOG_COMPILER_APPICON_NAME = AppIcon;
				ASSETCATALOG_COMPILER_GLOBAL_ACCENT_COLOR_NAME = AccentColor;
				CODE_SIGN_IDENTITY = "Apple Development";
				CODE_SIGN_STYLE = Automatic;
				CURRENT_PROJECT_VERSION = 1;
				DEVELOPMENT_TEAM = URFUZSHWW9;
				GENERATE_INFOPLIST_FILE = YES;
				INFOPLIST_FILE = "paws-n-parcels/App/Info.plist";
				INFOPLIST_KEY_UIApplicationSupportsIndirectInputEvents = YES;
				INFOPLIST_KEY_UIMainStoryboardFile = Main;
				INFOPLIST_KEY_UIRequiresFullScreen = YES;
				INFOPLIST_KEY_UIStatusBarHidden = YES;
				INFOPLIST_KEY_UISupportedInterfaceOrientations_iPad = UIInterfaceOrientationPortrait;
				INFOPLIST_KEY_UISupportedInterfaceOrientations_iPhone = UIInterfaceOrientationPortrait;
				LD_RUNPATH_SEARCH_PATHS = (
					"$(inherited)",
					"@executable_path/Frameworks",
				);
				MARKETING_VERSION = 1.0;
				PRODUCT_BUNDLE_IDENTIFIER = "rakafebriansy.paws-n-parcels";
				PRODUCT_NAME = "$(TARGET_NAME)";
				PROVISIONING_PROFILE_SPECIFIER = "";
				STRING_CATALOG_GENERATE_SYMBOLS = YES;
				SWIFT_APPROACHABLE_CONCURRENCY = YES;
				SWIFT_DEFAULT_ACTOR_ISOLATION = MainActor;
				SWIFT_EMIT_LOC_STRINGS = YES;
				SWIFT_UPCOMING_FEATURE_MEMBER_IMPORT_VISIBILITY = YES;
				SWIFT_VERSION = 5.0;
				TARGETED_DEVICE_FAMILY = "1,2";
			};
			name = Debug;
		};
		1DDB9DE72FA8EE3800AFC25E /* Release */ = {
			isa = XCBuildConfiguration;
			buildSettings = {
				ASSETCATALOG_COMPILER_APPICON_NAME = AppIcon;
				ASSETCATALOG_COMPILER_GLOBAL_ACCENT_COLOR_NAME = AccentColor;
				CODE_SIGN_IDENTITY = "Apple Development";
				CODE_SIGN_STYLE = Automatic;
				CURRENT_PROJECT_VERSION = 1;
				DEVELOPMENT_TEAM = URFUZSHWW9;
				GENERATE_INFOPLIST_FILE = YES;
				INFOPLIST_FILE = "paws-n-parcels/App/Info.plist";
				INFOPLIST_KEY_UIApplicationSupportsIndirectInputEvents = YES;
				INFOPLIST_KEY_UIMainStoryboardFile = Main;
				INFOPLIST_KEY_UIRequiresFullScreen = YES;
				INFOPLIST_KEY_UIStatusBarHidden = YES;
				INFOPLIST_KEY_UISupportedInterfaceOrientations_iPad = UIInterfaceOrientationPortrait;
				INFOPLIST_KEY_UISupportedInterfaceOrientations_iPhone = UIInterfaceOrientationPortrait;
				LD_RUNPATH_SEARCH_PATHS = (
					"$(inherited)",
					"@executable_path/Frameworks",
				);
				MARKETING_VERSION = 1.0;
				PRODUCT_BUNDLE_IDENTIFIER = "rakafebriansy.paws-n-parcels";
				PRODUCT_NAME = "$(TARGET_NAME)";
				PROVISIONING_PROFILE_SPECIFIER = "";
				STRING_CATALOG_GENERATE_SYMBOLS = YES;
				SWIFT_APPROACHABLE_CONCURRENCY = YES;
				SWIFT_DEFAULT_ACTOR_ISOLATION = MainActor;
				SWIFT_EMIT_LOC_STRINGS = YES;
				SWIFT_UPCOMING_FEATURE_MEMBER_IMPORT_VISIBILITY = YES;
				SWIFT_VERSION = 5.0;
				TARGETED_DEVICE_FAMILY = "1,2";
			};
			name = Release;
		};
		1DDB9DE82FA8EE3800AFC25E /* Debug */ = {
			isa = XCBuildConfiguration;
			buildSettings = {
				ALWAYS_SEARCH_USER_PATHS = NO;
				ASSETCATALOG_COMPILER_GENERATE_SWIFT_ASSET_SYMBOL_EXTENSIONS = YES;
				CLANG_ANALYZER_NONNULL = YES;
				CLANG_ANALYZER_NUMBER_OBJECT_CONVERSION = YES_AGGRESSIVE;
				CLANG_CXX_LANGUAGE_STANDARD = "gnu++20";
				CLANG_ENABLE_MODULES = YES;
				CLANG_ENABLE_OBJC_ARC = YES;
				CLANG_ENABLE_OBJC_WEAK = YES;
				CLANG_WARN_BLOCK_CAPTURE_AUTORELEASING = YES;
				CLANG_WARN_BOOL_CONVERSION = YES;
				CLANG_WARN_COMMA = YES;
				CLANG_WARN_CONSTANT_CONVERSION = YES;
				CLANG_WARN_DEPRECATED_OBJC_IMPLEMENTATIONS = YES;
				CLANG_WARN_DIRECT_OBJC_ISA_USAGE = YES_ERROR;
				CLANG_WARN_DOCUMENTATION_COMMENTS = YES;
				CLANG_WARN_EMPTY_BODY = YES;
				CLANG_WARN_ENUM_CONVERSION = YES;
				CLANG_WARN_INFINITE_RECURSION = YES;
				CLANG_WARN_INT_CONVERSION = YES;
				CLANG_WARN_NON_LITERAL_NULL_CONVERSION = YES;
				CLANG_WARN_OBJC_IMPLICIT_RETAIN_SELF = YES;
				CLANG_WARN_OBJC_LITERAL_CONVERSION = YES;
				CLANG_WARN_OBJC_ROOT_CLASS = YES_ERROR;
				CLANG_WARN_QUOTED_INCLUDE_IN_FRAMEWORK_HEADER = YES;
				CLANG_WARN_RANGE_LOOP_ANALYSIS = YES;
				CLANG_WARN_STRICT_PROTOTYPES = YES;
				CLANG_WARN_SUSPICIOUS_MOVE = YES;
				CLANG_WARN_UNGUARDED_AVAILABILITY = YES_AGGRESSIVE;
				CLANG_WARN_UNREACHABLE_CODE = YES;
				CLANG_WARN__DUPLICATE_METHOD_MATCH = YES;
				COPY_PHASE_STRIP = NO;
				DEBUG_INFORMATION_FORMAT = dwarf;
				DEVELOPMENT_TEAM = URFUZSHWW9;
				ENABLE_STRICT_OBJC_MSGSEND = YES;
				ENABLE_TESTABILITY = YES;
				ENABLE_USER_SCRIPT_SANDBOXING = YES;
				GCC_C_LANGUAGE_STANDARD = gnu17;
				GCC_DYNAMIC_NO_PIC = NO;
				GCC_NO_COMMON_BLOCKS = YES;
				GCC_OPTIMIZATION_LEVEL = 0;
				GCC_PREPROCESSOR_DEFINITIONS = (
					"DEBUG=1",
					"$(inherited)",
				);
				GCC_WARN_64_TO_32_BIT_CONVERSION = YES;
				GCC_WARN_ABOUT_RETURN_TYPE = YES_ERROR;
				GCC_WARN_UNDECLARED_SELECTOR = YES;
				GCC_WARN_UNINITIALIZED_AUTOS = YES_AGGRESSIVE;
				GCC_WARN_UNUSED_FUNCTION = YES;
				GCC_WARN_UNUSED_VARIABLE = YES;
				IPHONEOS_DEPLOYMENT_TARGET = 26.4;
				LOCALIZATION_PREFERS_STRING_CATALOGS = YES;
				MTL_ENABLE_DEBUG_INFO = INCLUDE_SOURCE;
				MTL_FAST_MATH = YES;
				ONLY_ACTIVE_ARCH = YES;
				SDKROOT = iphoneos;
				SWIFT_ACTIVE_COMPILATION_CONDITIONS = "DEBUG $(inherited)";
				SWIFT_OPTIMIZATION_LEVEL = "-Onone";
			};
			name = Debug;
		};
		1DDB9DE92FA8EE3800AFC25E /* Release */ = {
			isa = XCBuildConfiguration;
			buildSettings = {
				ALWAYS_SEARCH_USER_PATHS = NO;
				ASSETCATALOG_COMPILER_GENERATE_SWIFT_ASSET_SYMBOL_EXTENSIONS = YES;
				CLANG_ANALYZER_NONNULL = YES;
				CLANG_ANALYZER_NUMBER_OBJECT_CONVERSION = YES_AGGRESSIVE;
				CLANG_CXX_LANGUAGE_STANDARD = "gnu++20";
				CLANG_ENABLE_MODULES = YES;
				CLANG_ENABLE_OBJC_ARC = YES;
				CLANG_ENABLE_OBJC_WEAK = YES;
				CLANG_WARN_BLOCK_CAPTURE_AUTORELEASING = YES;
				CLANG_WARN_BOOL_CONVERSION = YES;
				CLANG_WARN_COMMA = YES;
				CLANG_WARN_CONSTANT_CONVERSION = YES;
				CLANG_WARN_DEPRECATED_OBJC_IMPLEMENTATIONS = YES;
				CLANG_WARN_DIRECT_OBJC_ISA_USAGE = YES_ERROR;
				CLANG_WARN_DOCUMENTATION_COMMENTS = YES;
				CLANG_WARN_EMPTY_BODY = YES;
				CLANG_WARN_ENUM_CONVERSION = YES;
				CLANG_WARN_INFINITE_RECURSION = YES;
				CLANG_WARN_INT_CONVERSION = YES;
				CLANG_WARN_NON_LITERAL_NULL_CONVERSION = YES;
				CLANG_WARN_OBJC_IMPLICIT_RETAIN_SELF = YES;
				CLANG_WARN_OBJC_LITERAL_CONVERSION = YES;
				CLANG_WARN_OBJC_ROOT_CLASS = YES_ERROR;
				CLANG_WARN_QUOTED_INCLUDE_IN_FRAMEWORK_HEADER = YES;
				CLANG_WARN_RANGE_LOOP_ANALYSIS = YES;
				CLANG_WARN_STRICT_PROTOTYPES = YES;
				CLANG_WARN_SUSPICIOUS_MOVE = YES;
				CLANG_WARN_UNGUARDED_AVAILABILITY = YES_AGGRESSIVE;
				CLANG_WARN_UNREACHABLE_CODE = YES;
				CLANG_WARN__DUPLICATE_METHOD_MATCH = YES;
				COPY_PHASE_STRIP = NO;
				DEBUG_INFORMATION_FORMAT = "dwarf-with-dsym";
				DEVELOPMENT_TEAM = URFUZSHWW9;
				ENABLE_NS_ASSERTIONS = NO;
				ENABLE_STRICT_OBJC_MSGSEND = YES;
				ENABLE_USER_SCRIPT_SANDBOXING = YES;
				GCC_C_LANGUAGE_STANDARD = gnu17;
				GCC_NO_COMMON_BLOCKS = YES;
				GCC_WARN_64_TO_32_BIT_CONVERSION = YES;
				GCC_WARN_ABOUT_RETURN_TYPE = YES_ERROR;
				GCC_WARN_UNDECLARED_SELECTOR = YES;
				GCC_WARN_UNINITIALIZED_AUTOS = YES_AGGRESSIVE;
				GCC_WARN_UNUSED_FUNCTION = YES;
				GCC_WARN_UNUSED_VARIABLE = YES;
				IPHONEOS_DEPLOYMENT_TARGET = 26.4;
				LOCALIZATION_PREFERS_STRING_CATALOGS = YES;
				MTL_ENABLE_DEBUG_INFO = NO;
				MTL_FAST_MATH = YES;
				SDKROOT = iphoneos;
				SWIFT_COMPILATION_MODE = wholemodule;
				VALIDATE_PRODUCT = YES;
			};
			name = Release;
		};
		1DDB9DEB2FA8EE3800AFC25E /* Debug */ = {
			isa = XCBuildConfiguration;
			buildSettings = {
				BUNDLE_LOADER = "$(TEST_HOST)";
				CODE_SIGN_STYLE = Automatic;
				CURRENT_PROJECT_VERSION = 1;
				DEVELOPMENT_TEAM = D926JM6B44;
				GENERATE_INFOPLIST_FILE = YES;
				IPHONEOS_DEPLOYMENT_TARGET = 26.4;
				MARKETING_VERSION = 1.0;
				PRODUCT_BUNDLE_IDENTIFIER = "rakafebriansy.paws-n-parcelsTests";
				PRODUCT_NAME = "$(TARGET_NAME)";
				STRING_CATALOG_GENERATE_SYMBOLS = NO;
				SWIFT_APPROACHABLE_CONCURRENCY = YES;
				SWIFT_EMIT_LOC_STRINGS = NO;
				SWIFT_UPCOMING_FEATURE_MEMBER_IMPORT_VISIBILITY = YES;
				SWIFT_VERSION = 5.0;
				TARGETED_DEVICE_FAMILY = "1,2";
				TEST_HOST = "$(BUILT_PRODUCTS_DIR)/paws-n-parcels.app/$(BUNDLE_EXECUTABLE_FOLDER_PATH)/paws-n-parcels";
			};
			name = Debug;
		};
		1DDB9DEC2FA8EE3800AFC25E /* Release */ = {
			isa = XCBuildConfiguration;
			buildSettings = {
				BUNDLE_LOADER = "$(TEST_HOST)";
				CODE_SIGN_STYLE = Automatic;
				CURRENT_PROJECT_VERSION = 1;
				DEVELOPMENT_TEAM = D926JM6B44;
				GENERATE_INFOPLIST_FILE = YES;
				IPHONEOS_DEPLOYMENT_TARGET = 26.4;
				MARKETING_VERSION = 1.0;
				PRODUCT_BUNDLE_IDENTIFIER = "rakafebriansy.paws-n-parcelsTests";
				PRODUCT_NAME = "$(TARGET_NAME)";
				STRING_CATALOG_GENERATE_SYMBOLS = NO;
				SWIFT_APPROACHABLE_CONCURRENCY = YES;
				SWIFT_EMIT_LOC_STRINGS = NO;
				SWIFT_UPCOMING_FEATURE_MEMBER_IMPORT_VISIBILITY = YES;
				SWIFT_VERSION = 5.0;
				TARGETED_DEVICE_FAMILY = "1,2";
				TEST_HOST = "$(BUILT_PRODUCTS_DIR)/paws-n-parcels.app/$(BUNDLE_EXECUTABLE_FOLDER_PATH)/paws-n-parcels";
			};
			name = Release;
		};
		1DDB9DEE2FA8EE3800AFC25E /* Debug */ = {
			isa = XCBuildConfiguration;
			buildSettings = {
				CODE_SIGN_STYLE = Automatic;
				CURRENT_PROJECT_VERSION = 1;
				DEVELOPMENT_TEAM = D926JM6B44;
				GENERATE_INFOPLIST_FILE = YES;
				MARKETING_VERSION = 1.0;
				PRODUCT_BUNDLE_IDENTIFIER = "rakafebriansy.paws-n-parcelsUITests";
				PRODUCT_NAME = "$(TARGET_NAME)";
				STRING_CATALOG_GENERATE_SYMBOLS = NO;
				SWIFT_APPROACHABLE_CONCURRENCY = YES;
				SWIFT_EMIT_LOC_STRINGS = NO;
				SWIFT_UPCOMING_FEATURE_MEMBER_IMPORT_VISIBILITY = YES;
				SWIFT_VERSION = 5.0;
				TARGETED_DEVICE_FAMILY = "1,2";
				TEST_TARGET_NAME = "paws-n-parcels";
			};
			name = Debug;
		};
		1DDB9DEF2FA8EE3800AFC25E /* Release */ = {
			isa = XCBuildConfiguration;
			buildSettings = {
				CODE_SIGN_STYLE = Automatic;
				CURRENT_PROJECT_VERSION = 1;
				DEVELOPMENT_TEAM = D926JM6B44;
				GENERATE_INFOPLIST_FILE = YES;
				MARKETING_VERSION = 1.0;
				PRODUCT_BUNDLE_IDENTIFIER = "rakafebriansy.paws-n-parcelsUITests";
				PRODUCT_NAME = "$(TARGET_NAME)";
				STRING_CATALOG_GENERATE_SYMBOLS = NO;
				SWIFT_APPROACHABLE_CONCURRENCY = YES;
				SWIFT_EMIT_LOC_STRINGS = NO;
				SWIFT_UPCOMING_FEATURE_MEMBER_IMPORT_VISIBILITY = YES;
				SWIFT_VERSION = 5.0;
				TARGETED_DEVICE_FAMILY = "1,2";
				TEST_TARGET_NAME = "paws-n-parcels";
			};
			name = Release;
		};
/* End XCBuildConfiguration section */

/* Begin XCConfigurationList section */
		1DDB9DB42FA8EE3800AFC25E /* Build configuration list for PBXProject "paws-n-parcels" */ = {
			isa = XCConfigurationList;
			buildConfigurations = (
				1DDB9DE82FA8EE3800AFC25E /* Debug */,
				1DDB9DE92FA8EE3800AFC25E /* Release */,
			);
			defaultConfigurationIsVisible = 0;
			defaultConfigurationName = Release;
		};
		1DDB9DE52FA8EE3800AFC25E /* Build configuration list for PBXNativeTarget "paws-n-parcels" */ = {
			isa = XCConfigurationList;
			buildConfigurations = (
				1DDB9DE62FA8EE3800AFC25E /* Debug */,
				1DDB9DE72FA8EE3800AFC25E /* Release */,
			);
			defaultConfigurationIsVisible = 0;
			defaultConfigurationName = Release;
		};
		1DDB9DEA2FA8EE3800AFC25E /* Build configuration list for PBXNativeTarget "paws-n-parcelsTests" */ = {
			isa = XCConfigurationList;
			buildConfigurations = (
				1DDB9DEB2FA8EE3800AFC25E /* Debug */,
				1DDB9DEC2FA8EE3800AFC25E /* Release */,
			);
			defaultConfigurationIsVisible = 0;
			defaultConfigurationName = Release;
		};
		1DDB9DED2FA8EE3800AFC25E /* Build configuration list for PBXNativeTarget "paws-n-parcelsUITests" */ = {
			isa = XCConfigurationList;
			buildConfigurations = (
				1DDB9DEE2FA8EE3800AFC25E /* Debug */,
				1DDB9DEF2FA8EE3800AFC25E /* Release */,
			);
			defaultConfigurationIsVisible = 0;
			defaultConfigurationName = Release;
		};
/* End XCConfigurationList section */
	};
	rootObject = 1DDB9DB12FA8EE3800AFC25E /* Project object */;
}
